// !$*UTF8*$!
{
	archiveVersion = 1;
	classes = {
	};
	objectVersion = 48;
	objects = {

/* Begin PBXBuildFile section */
		583E63A820D9F6C100765924 /* AppDelegate.m in Sources */ = {isa = PBXBuildFile; fileRef = 583E63A720D9F6C100765924 /* AppDelegate.m */; };
		583E63AB20D9F6C100765924 /* ViewController.m in Sources */ = {isa = PBXBuildFile; fileRef = 583E63AA20D9F6C100765924 /* ViewController.m */; };
		583E63AE20D9F6C100765924 /* Main.storyboard in Resources */ = {isa = PBXBuildFile; fileRef = 583E63AC20D9F6C100765924 /* Main.storyboard */; };
		583E63B020D9F6C100765924 /* Assets.xcassets in Resources */ = {isa = PBXBuildFile; fileRef = 583E63AF20D9F6C100765924 /* Assets.xcassets */; };
		583E63B320D9F6C100765924 /* LaunchScreen.storyboard in Resources */ = {isa = PBXBuildFile; fileRef = 583E63B120D9F6C100765924 /* LaunchScreen.storyboard */; };
		583E63B620D9F6C100765924 /* main.m in Sources */ = {isa = PBXBuildFile; fileRef = 583E63B520D9F6C100765924 /* main.m */; };
/* End PBXBuildFile section */

/* Begin PBXFileReference section */
		583E63A320D9F6C100765924 /* TestJob.app */ = {isa = PBXFileReference; explicitFileType = wrapper.application; includeInIndex = 0; path = TestJob.app; sourceTree = BUILT_PRODUCTS_DIR; };
		583E63A620D9F6C100765924 /* AppDelegate.h */ = {isa = PBXFileReference; lastKnownFileType = sourcecode.c.h; path = AppDelegate.h; sourceTree = "<group>"; };
		583E63A720D9F6C100765924 /* AppDelegate.m */ = {isa = PBXFileReference; lastKnownFileType = sourcecode.c.objc; path = AppDelegate.m; sourceTree = "<group>"; };
		583E63A920D9F6C100765924 /* ViewController.h */ = {isa = PBXFileReference; lastKnownFileType = sourcecode.c.h; path = ViewController.h; sourceTree = "<group>"; };
		583E63AA20D9F6C100765924 /* ViewController.m */ = {isa = PBXFileReference; lastKnownFileType = sourcecode.c.objc; path = ViewController.m; sourceTree = "<group>"; };
		583E63AD20D9F6C100765924 /* Base */ = {isa = PBXFileReference; lastKnownFileType = file.storyboard; name = Base; path = Base.lproj/Main.storyboard; sourceTree = "<group>"; };
		583E63AF20D9F6C100765924 /* Assets.xcassets */ = {isa = PBXFileReference; lastKnownFileType = folder.assetcatalog; path = Assets.xcassets; sourceTree = "<group>"; };
		583E63B220D9F6C100765924 /* Base */ = {isa = PBXFileReference; lastKnownFileType = file.storyboard; name = Base; path = Base.lproj/LaunchScreen.storyboard; sourceTree = "<group>"; };
		583E63B420D9F6C100765924 /* Info.plist */ = {isa = PBXFileReference; lastKnownFileType = text.plist.xml; path = Info.plist; sourceTree = "<group>"; };
		583E63B520D9F6C100765924 /* main.m */ = {isa = PBXFileReference; lastKnownFileType = sourcecode.c.objc; path = main.m; sourceTree = "<group>"; };
/* End PBXFileReference section */

/* Begin PBXFrameworksBuildPhase section */
		583E63A020D9F6C100765924 /* Frameworks */ = {
			isa = PBXFrameworksBuildPhase;
			buildActionMask = 2147483647;
			files = (
			);
			runOnlyForDeploymentPostprocessing = 0;
		};
/* End PBXFrameworksBuildPhase section */

/* Begin PBXGroup section */
		583E639A20D9F6C100765924 = {
			isa = PBXGroup;
			children = (
				583E63A520D9F6C100765924 /* TestJob */,
				583E63A420D9F6C100765924 /* Products */,
			);
			sourceTree = "<group>";
		};
		583E63A420D9F6C100765924 /* Products */ = {
			isa = PBXGroup;
			children = (
				583E63A320D9F6C100765924 /* TestJob.app */,
			);
			name = Products;
			sourceTree = "<group>";
		};
		583E63A520D9F6C100765924 /* TestJob */ = {
			isa = PBXGroup;
			children = (
				583E63A620D9F6C100765924 /* AppDelegate.h */,
				583E63A720D9F6C100765924 /* AppDelegate.m */,
				583E63A920D9F6C100765924 /* ViewController.h */,
				583E63AA20D9F6C100765924 /* ViewController.m */,
				583E63AC20D9F6C100765924 /* Main.storyboard */,
				583E63AF20D9F6C100765924 /* Assets.xcassets */,
				583E63B120D9F6C100765924 /* LaunchScreen.storyboard */,
				583E63B420D9F6C100765924 /* Info.plist */,
				583E63B520D9F6C100765924 /* main.m */,
			);
			path = TestJob;
			sourceTree = "<group>";
		};
/* End PBXGroup section */

/* Begin PBXNativeTarget section */
		583E63A220D9F6C100765924 /* TestJob */ = {
			isa = PBXNativeTarget;
			buildConfigurationList = 583E63B920D9F6C100765924 /* Build configuration list for PBXNativeTarget "TestJob" */;
			buildPhases = (
				583E639F20D9F6C100765924 /* Sources */,
				583E63A020D9F6C100765924 /* Frameworks */,
				583E63A120D9F6C100765924 /* Resources */,
			);
			buildRules = (
			);
			dependencies = (
			);
			name = TestJob;
			productName = TestJob;
			productReference = 583E63A320D9F6C100765924 /* TestJob.app */;
			productType = "com.apple.product-type.application";
		};
/* End PBXNativeTarget section */

/* Begin PBXProject section */
		583E639B20D9F6C100765924 /* Project object */ = {
			isa = PBXProject;
			attributes = {
				LastUpgradeCheck = 0920;
				ORGANIZATIONNAME = Alien;
				TargetAttributes = {
					583E63A220D9F6C100765924 = {
						CreatedOnToolsVersion = 9.2;
						ProvisioningStyle = Automatic;
					};
				};
			};
			buildConfigurationList = 583E639E20D9F6C100765924 /* Build configuration list for PBXProject "TestJob" */;
			compatibilityVersion = "Xcode 8.0";
			developmentRegion = en;
			hasScannedForEncodings = 0;
			knownRegions = (
				en,
				Base,
			);
			mainGroup = 583E639A20D9F6C100765924;
			productRefGroup = 583E63A420D9F6C100765924 /* Products */;
			projectDirPath = "";
			projectRoot = "";
			targets = (
				583E63A220D9F6C100765924 /* TestJob */,
			);
		};
/* End PBXProject section */

/* Begin PBXResourcesBuildPhase section */
		583E63A120D9F6C100765924 /* Resources */ = {
			isa = PBXResourcesBuildPhase;
			buildActionMask = 2147483647;
			files = (
				583E63B320D9F6C100765924 /* LaunchScreen.storyboard in Resources */,
				583E63B020D9F6C100765924 /* Assets.xcassets in Resources */,
				583E63AE20D9F6C100765924 /* Main.storyboard in Resources */,
			);
			runOnlyForDeploymentPostprocessing = 0;
		};
/* End PBXResourcesBuildPhase section */

/* Begin PBXSourcesBuildPhase section */
		583E639F20D9F6C100765924 /* Sources */ = {
			isa = PBXSourcesBuildPhase;
			buildActionMask = 2147483647;
			files = (
				583E63AB20D9F6C100765924 /* ViewController.m in Sources */,
				583E63B620D9F6C100765924 /* main.m in Sources */,
				583E63A820D9F6C100765924 /* AppDelegate.m in Sources */,
			);
			runOnlyForDeploymentPostprocessing = 0;
		};
/* End PBXSourcesBuildPhase section */

/* Begin PBXVariantGroup section */
		583E63AC20D9F6C100765924 /* Main.storyboard */ = {
			isa = PBXVariantGroup;
			children = (
				583E63AD20D9F6C100765924 /* Base */,
			);
			name = Main.storyboard;
			sourceTree = "<group>";
		};
		583E63B120D9F6C100765924 /* LaunchScreen.storyboard */ = {
			isa = PBXVariantGroup;
			children = (
				583E63B220D9F6C100765924 /* Base */,
			);
			name = LaunchScreen.storyboard;
			sourceTree = "<group>";
		};
/* End PBXVariantGroup section */

/* Begin XCBuildConfiguration section */
		583E63B720D9F6C100765924 /* Debug */ = {
			isa = XCBuildConfiguration;
			buildSettings = {
				ALWAYS_SEARCH_USER_PATHS = NO;
				CLANG_ANALYZER_NONNULL = YES;
				CLANG_ANALYZER_NUMBER_OBJECT_CONVERSION = YES_AGGRESSIVE;
				CLANG_CXX_LANGUAGE_STANDARD = "gnu++14";
				CLANG_CXX_LIBRARY = "libc++";
				CLANG_ENABLE_MODULES = YES;
				CLANG_ENABLE_OBJC_ARC = YES;
				CLANG_WARN_BLOCK_CAPTURE_AUTORELEASING = YES;
				CLANG_WARN_BOOL_CONVERSION = YES;
				CLANG_WARN_COMMA = YES;
				CLANG_WARN_CONSTANT_CONVERSION = YES;
				CLANG_WARN_DIRECT_OBJC_ISA_USAGE = YES_ERROR;
				CLANG_WARN_DOCUMENTATION_COMMENTS = YES;
				CLANG_WARN_EMPTY_BODY = YES;
				CLANG_WARN_ENUM_CONVERSION = YES;
				CLANG_WARN_INFINITE_RECURSION = YES;
				CLANG_WARN_INT_CONVERSION = YES;
				CLANG_WARN_NON_LITERAL_NULL_CONVERSION = YES;
				CLANG_WARN_OBJC_LITERAL_CONVERSION = YES;
				CLANG_WARN_OBJC_ROOT_CLASS = YES_ERROR;
				CLANG_WARN_RANGE_LOOP_ANALYSIS = YES;
				CLANG_WARN_STRICT_PROTOTYPES = YES;
				CLANG_WARN_SUSPICIOUS_MOVE = YES;
				CLANG_WARN_UNGUARDED_AVAILABILITY = YES_AGGRESSIVE;
				CLANG_WARN_UNREACHABLE_CODE = YES;
				CLANG_WARN__DUPLICATE_METHOD_MATCH = YES;
				CODE_SIGN_IDENTITY = "iPhone Developer";
				COPY_PHASE_STRIP = NO;
				DEBUG_INFORMATION_FORMAT = dwarf;
				ENABLE_STRICT_OBJC_MSGSEND = YES;
				ENABLE_TESTABILITY = YES;
				GCC_C_LANGUAGE_STANDARD = gnu11;
				GCC_DYNAMIC_NO_PIC = NO;
				GCC_NO_COMMON_BLOCKS = YES;
				GCC_OPTIMIZATION_LEVEL = 0;
				GCC_PREPROCESSOR_DEFINITIONS = (
					"DEBUG=1",
					"$(inherited)",
				);
				GCC_WARN_64_TO_32_BIT_CONVERSION = YES;
				GCC_WARN_ABOUT_RETURN_TYPE = YES_ERROR;
				GCC_WARN_UNDECLARED_SELECTOR = YES;
				GCC_WARN_UNINITIALIZED_AUTOS = YES_AGGRESSIVE;
				GCC_WARN_UNUSED_FUNCTION = YES;
				GCC_WARN_UNUSED_VARIABLE = YES;
				IPHONEOS_DEPLOYMENT_TARGET = 11.2;
				MTL_ENABLE_DEBUG_INFO = YES;
				ONLY_ACTIVE_ARCH = YES;
				SDKROOT = iphoneos;
			};
			name = Debug;
		};
		583E63B820D9F6C100765924 /* Release */ = {
			isa = XCBuildConfiguration;
			buildSettings = {
				ALWAYS_SEARCH_USER_PATHS = NO;
				CLANG_ANALYZER_NONNULL = YES;
				CLANG_ANALYZER_NUMBER_OBJECT_CONVERSION = YES_AGGRESSIVE;
				CLANG_CXX_LANGUAGE_STANDARD = "gnu++14";
				CLANG_CXX_LIBRARY = "libc++";
				CLANG_ENABLE_MODULES = YES;
				CLANG_ENABLE_OBJC_ARC = YES;
				CLANG_WARN_BLOCK_CAPTURE_AUTORELEASING = YES;
				CLANG_WARN_BOOL_CONVERSION = YES;
				CLANG_WARN_COMMA = YES;
				CLANG_WARN_CONSTANT_CONVERSION = YES;
				CLANG_WARN_DIRECT_OBJC_ISA_USAGE = YES_ERROR;
				CLANG_WARN_DOCUMENTATION_COMMENTS = YES;
				CLANG_WARN_EMPTY_BODY = YES;
				CLANG_WARN_ENUM_CONVERSION = YES;
				CLANG_WARN_INFINITE_RECURSION = YES;
				CLANG_WARN_INT_CONVERSION = YES;
				CLANG_WARN_NON_LITERAL_NULL_CONVERSION = YES;
				CLANG_WARN_OBJC_LITERAL_CONVERSION = YES;
				CLANG_WARN_OBJC_ROOT_CLASS = YES_ERROR;
				CLANG_WARN_RANGE_LOOP_ANALYSIS = YES;
				CLANG_WARN_STRICT_PROTOTYPES = YES;
				CLANG_WARN_SUSPICIOUS_MOVE = YES;
				CLANG_WARN_UNGUARDED_AVAILABILITY = YES_AGGRESSIVE;
				CLANG_WARN_UNREACHABLE_CODE = YES;
				CLANG_WARN__DUPLICATE_METHOD_MATCH = YES;
				CODE_SIGN_IDENTITY = "iPhone Developer";
				COPY_PHASE_STRIP = NO;
				DEBUG_INFORMATION_FORMAT = "dwarf-with-dsym";
				ENABLE_NS_ASSERTIONS = NO;
				ENABLE_STRICT_OBJC_MSGSEND = YES;
				GCC_C_LANGUAGE_STANDARD = gnu11;
				GCC_NO_COMMON_BLOCKS = YES;
				GCC_WARN_64_TO_32_BIT_CONVERSION = YES;
				GCC_WARN_ABOUT_RETURN_TYPE = YES_ERROR;
				GCC_WARN_UNDECLARED_SELECTOR = YES;
				GCC_WARN_UNINITIALIZED_AUTOS = YES_AGGRESSIVE;
				GCC_WARN_UNUSED_FUNCTION = YES;
				GCC_WARN_UNUSED_VARIABLE = YES;
				IPHONEOS_DEPLOYMENT_TARGET = 11.2;
				MTL_ENABLE_DEBUG_INFO = NO;
				SDKROOT = iphoneos;
				VALIDATE_PRODUCT = YES;
			};
			name = Release;
		};
		583E63BA20D9F6C100765924 /* Debug */ = {
			isa = XCBuildConfiguration;
			buildSettings = {
				ASSETCATALOG_COMPILER_APPICON_NAME = AppIcon;
				CODE_SIGN_STYLE = Automatic;
				DEVELOPMENT_TEAM = K64QJFMU4D;
				INFOPLIST_FILE = TestJob/Info.plist;
				LD_RUNPATH_SEARCH_PATHS = "$(inherited) @executable_path/Frameworks";
				PRODUCT_BUNDLE_IDENTIFIER = YuHeng.TestJob;
				PRODUCT_NAME = "$(TARGET_NAME)";
				TARGETED_DEVICE_FAMILY = "1,2";
			};
			name = Debug;
		};
		583E63BB20D9F6C100765924 /* Release */ = {
			isa = XCBuildConfiguration;
			buildSettings = {
				ASSETCATALOG_COMPILER_APPICON_NAME = AppIcon;
				CODE_SIGN_STYLE = Automatic;
				DEVELOPMENT_TEAM = K64QJFMU4D;
				INFOPLIST_FILE = TestJob/Info.plist;
				LD_RUNPATH_SEARCH_PATHS = "$(inherited) @executable_path/Frameworks";
				PRODUCT_BUNDLE_IDENTIFIER = YuHeng.TestJob;
				PRODUCT_NAME = "$(TARGET_NAME)";
				TARGETED_DEVICE_FAMILY = "1,2";
			};
			name = Release;
		};
/* End XCBuildConfiguration section */

/* Begin XCConfigurationList section */
		583E639E20D9F6C100765924 /* Build configuration list for PBXProject "TestJob" */ = {
			isa = XCConfigurationList;
			buildConfigurations = (
				583E63B720D9F6C100765924 /* Debug */,
				583E63B820D9F6C100765924 /* Release */,
			);
			defaultConfigurationIsVisible = 0;
			defaultConfigurationName = Release;
		};
		583E63B920D9F6C100765924 /* Build configuration list for PBXNativeTarget "TestJob" */ = {
			isa = XCConfigurationList;
			buildConfigurations = (
				583E63BA20D9F6C100765924 /* Debug */,
				583E63BB20D9F6C100765924 /* Release */,
			);
			defaultConfigurationIsVisible = 0;
			defaultConfigurationName = Release;
		};
/* End XCConfigurationList section */
	};
	rootObject = 583E639B20D9F6C100765924 /* Project object */;
}
